
Microsoft Visual Studio Solution File, Format Version 12.00
# Visual Studio Version 17
VisualStudioVersion = 17.3.32819.101
MinimumVisualStudioVersion = 10.0.40219.1
Project("{8BC9CEB8-8B4A-11D0-8D11-00A0C91BC942}") = "10830", "10830\10830.vcxproj", "{C990E245-5A92-4F49-B07A-F6E2E316F489}"
EndProject
Global
	GlobalSection(SolutionConfigurationPlatforms) = preSolution
		Debug|x64 = Debug|x64
		Debug|x86 = Debug|x86
		Release|x64 = Release|x64
		Release|x86 = Release|x86
	EndGlobalSection
	GlobalSection(ProjectConfigurationPlatforms) = postSolution
		{C990E245-5A92-4F49-B07A-F6E2E316F489}.Debug|x64.ActiveCfg = Debug|x64
		{C990E245-5A92-4F49-B07A-F6E2E316F489}.Debug|x64.Build.0 = Debug|x64
		{C990E245-5A92-4F49-B07A-F6E2E316F489}.Debug|x86.ActiveCfg = Debug|Win32
		{C990E245-5A92-4F49-B07A-F6E2E316F489}.Debug|x86.Build.0 = Debug|Win32
		{C990E245-5A92-4F49-B07A-F6E2E316F489}.Release|x64.ActiveCfg = Release|x64
		{C990E245-5A92-4F49-B07A-F6E2E316F489}.Release|x64.Build.0 = Release|x64
		{C990E245-5A92-4F49-B07A-F6E2E316F489}.Release|x86.ActiveCfg = Release|Win32
		{C990E245-5A92-4F49-B07A-F6E2E316F489}.Release|x86.Build.0 = Release|Win32
	EndGlobalSection
	GlobalSection(SolutionProperties) = preSolution
		HideSolutionNode = FALSE
	EndGlobalSection
	GlobalSection(ExtensibilityGlobals) = postSolution
		SolutionGuid = {E8014FFE-7685-43A6-88DA-51FE06531E3F}
	EndGlobalSection
EndGlobal
