
Microsoft Visual Studio Solution File, Format Version 12.00
# Visual Studio Version 17
VisualStudioVersion = 17.3.32819.101
MinimumVisualStudioVersion = 10.0.40219.1
Project("{8BC9CEB8-8B4A-11D0-8D11-00A0C91BC942}") = "1655", "1655\1655.vcxproj", "{FC7819CF-142D-4CB5-8C93-4CACC4F32BBA}"
EndProject
Global
	GlobalSection(SolutionConfigurationPlatforms) = preSolution
		Debug|x64 = Debug|x64
		Debug|x86 = Debug|x86
		Release|x64 = Release|x64
		Release|x86 = Release|x86
	EndGlobalSection
	GlobalSection(ProjectConfigurationPlatforms) = postSolution
		{FC7819CF-142D-4CB5-8C93-4CACC4F32BBA}.Debug|x64.ActiveCfg = Debug|x64
		{FC7819CF-142D-4CB5-8C93-4CACC4F32BBA}.Debug|x64.Build.0 = Debug|x64
		{FC7819CF-142D-4CB5-8C93-4CACC4F32BBA}.Debug|x86.ActiveCfg = Debug|Win32
		{FC7819CF-142D-4CB5-8C93-4CACC4F32BBA}.Debug|x86.Build.0 = Debug|Win32
		{FC7819CF-142D-4CB5-8C93-4CACC4F32BBA}.Release|x64.ActiveCfg = Release|x64
		{FC7819CF-142D-4CB5-8C93-4CACC4F32BBA}.Release|x64.Build.0 = Release|x64
		{FC7819CF-142D-4CB5-8C93-4CACC4F32BBA}.Release|x86.ActiveCfg = Release|Win32
		{FC7819CF-142D-4CB5-8C93-4CACC4F32BBA}.Release|x86.Build.0 = Release|Win32
	EndGlobalSection
	GlobalSection(SolutionProperties) = preSolution
		HideSolutionNode = FALSE
	EndGlobalSection
	GlobalSection(ExtensibilityGlobals) = postSolution
		SolutionGuid = {CD9219A4-85AC-40BB-B8D8-A5B2D6C41EFE}
	EndGlobalSection
EndGlobal
