
Microsoft Visual Studio Solution File, Format Version 12.00
# Visual Studio Version 17
VisualStudioVersion = 17.3.32819.101
MinimumVisualStudioVersion = 10.0.40219.1
Project("{8BC9CEB8-8B4A-11D0-8D11-00A0C91BC942}") = "3197-final", "3197-final\3197-final.vcxproj", "{11554D81-394A-4BB5-88AA-6E0E9E283D2D}"
EndProject
Global
	GlobalSection(SolutionConfigurationPlatforms) = preSolution
		Debug|x64 = Debug|x64
		Debug|x86 = Debug|x86
		Release|x64 = Release|x64
		Release|x86 = Release|x86
	EndGlobalSection
	GlobalSection(ProjectConfigurationPlatforms) = postSolution
		{11554D81-394A-4BB5-88AA-6E0E9E283D2D}.Debug|x64.ActiveCfg = Debug|x64
		{11554D81-394A-4BB5-88AA-6E0E9E283D2D}.Debug|x64.Build.0 = Debug|x64
		{11554D81-394A-4BB5-88AA-6E0E9E283D2D}.Debug|x86.ActiveCfg = Debug|Win32
		{11554D81-394A-4BB5-88AA-6E0E9E283D2D}.Debug|x86.Build.0 = Debug|Win32
		{11554D81-394A-4BB5-88AA-6E0E9E283D2D}.Release|x64.ActiveCfg = Release|x64
		{11554D81-394A-4BB5-88AA-6E0E9E283D2D}.Release|x64.Build.0 = Release|x64
		{11554D81-394A-4BB5-88AA-6E0E9E283D2D}.Release|x86.ActiveCfg = Release|Win32
		{11554D81-394A-4BB5-88AA-6E0E9E283D2D}.Release|x86.Build.0 = Release|Win32
	EndGlobalSection
	GlobalSection(SolutionProperties) = preSolution
		HideSolutionNode = FALSE
	EndGlobalSection
	GlobalSection(ExtensibilityGlobals) = postSolution
		SolutionGuid = {61116EF8-D0EE-457B-8D24-491E1FC8AD06}
	EndGlobalSection
EndGlobal
